
Microsoft Visual Studio Solution File, Format Version 12.00
# Visual Studio Version 17
VisualStudioVersion = 17.9.34607.119
MinimumVisualStudioVersion = 10.0.40219.1
Project("{9A19103F-16F7-4668-BE54-9A1E7A4F7556}") = "Interface PacMan", "Menu\Interface PacMan.csproj", "{C4F001CB-202B-4503-8E42-519C026C8F8B}"
EndProject
Global
	GlobalSection(SolutionConfigurationPlatforms) = preSolution
		Debug|Any CPU = Debug|Any CPU
		Release|Any CPU = Release|Any CPU
	EndGlobalSection
	GlobalSection(ProjectConfigurationPlatforms) = postSolution
		{C4F001CB-202B-4503-8E42-519C026C8F8B}.Debug|Any CPU.ActiveCfg = Debug|Any CPU
		{C4F001CB-202B-4503-8E42-519C026C8F8B}.Debug|Any CPU.Build.0 = Debug|Any CPU
		{C4F001CB-202B-4503-8E42-519C026C8F8B}.Release|Any CPU.ActiveCfg = Release|Any CPU
		{C4F001CB-202B-4503-8E42-519C026C8F8B}.Release|Any CPU.Build.0 = Release|Any CPU
	EndGlobalSection
	GlobalSection(SolutionProperties) = preSolution
		HideSolutionNode = FALSE
	EndGlobalSection
	GlobalSection(ExtensibilityGlobals) = postSolution
		SolutionGuid = {CF060051-6BFE-4672-9A27-3FBAA05F7E9A}
	EndGlobalSection
EndGlobal
